
Microsoft Visual Studio Solution File, Format Version 12.00
# Visual Studio 14
VisualStudioVersion = 14.0.23107.0
MinimumVisualStudioVersion = 10.0.40219.1
Project("{FAE04EC0-301F-11D3-BF4B-00C04F79EFBC}") = "GDExplorer", "GDExplorer\GDExplorer.csproj", "{721832E2-3BC2-4B30-AEF8-FC2F85CEC9C9}"
	ProjectSection(ProjectDependencies) = postProject
		{EAFB9B05-FDFE-4C9E-9599-C2BC9315B158} = {EAFB9B05-FDFE-4C9E-9599-C2BC9315B158}
	EndProjectSection
EndProject
Project("{FAE04EC0-301F-11D3-BF4B-00C04F79EFBC}") = "GDLib", "GDLib\GDLib.csproj", "{EAFB9B05-FDFE-4C9E-9599-C2BC9315B158}"
	ProjectSection(ProjectDependencies) = postProject
		{330A5487-2607-4CE0-AED1-A9257E2C14D2} = {330A5487-2607-4CE0-AED1-A9257E2C14D2}
	EndProjectSection
EndProject
Project("{FAE04EC0-301F-11D3-BF4B-00C04F79EFBC}") = "GDLibTest", "GDLibTest\GDLibTest.csproj", "{E8CFD3C0-2576-44A1-A209-E06A2DAB9725}"
	ProjectSection(ProjectDependencies) = postProject
		{EAFB9B05-FDFE-4C9E-9599-C2BC9315B158} = {EAFB9B05-FDFE-4C9E-9599-C2BC9315B158}
		{330A5487-2607-4CE0-AED1-A9257E2C14D2} = {330A5487-2607-4CE0-AED1-A9257E2C14D2}
	EndProjectSection
EndProject
Project("{8BC9CEB8-8B4A-11D0-8D11-00A0C91BC942}") = "LZ4Lib", "LZ4Lib\LZ4Lib.vcxproj", "{330A5487-2607-4CE0-AED1-A9257E2C14D2}"
EndProject
Project("{2150E333-8FDC-42A3-9474-1A3956D46DE8}") = "Solution Items", "Solution Items", "{6675E257-17C1-4062-BF83-3A8AE7CF2599}"
	ProjectSection(SolutionItems) = preProject
		README.md = README.md
	EndProjectSection
EndProject
Global
	GlobalSection(SolutionConfigurationPlatforms) = preSolution
		Debug|Any CPU = Debug|Any CPU
		Debug|x64 = Debug|x64
		Debug|x86 = Debug|x86
		MinSizeRel|Any CPU = MinSizeRel|Any CPU
		MinSizeRel|x64 = MinSizeRel|x64
		MinSizeRel|x86 = MinSizeRel|x86
		Release|Any CPU = Release|Any CPU
		Release|x64 = Release|x64
		Release|x86 = Release|x86
		RelWithDebInfo|Any CPU = RelWithDebInfo|Any CPU
		RelWithDebInfo|x64 = RelWithDebInfo|x64
		RelWithDebInfo|x86 = RelWithDebInfo|x86
	EndGlobalSection
	GlobalSection(ProjectConfigurationPlatforms) = postSolution
		{721832E2-3BC2-4B30-AEF8-FC2F85CEC9C9}.Debug|Any CPU.ActiveCfg = Debug|Any CPU
		{721832E2-3BC2-4B30-AEF8-FC2F85CEC9C9}.Debug|Any CPU.Build.0 = Debug|Any CPU
		{721832E2-3BC2-4B30-AEF8-FC2F85CEC9C9}.Debug|x64.ActiveCfg = Debug|Any CPU
		{721832E2-3BC2-4B30-AEF8-FC2F85CEC9C9}.Debug|x64.Build.0 = Debug|Any CPU
		{721832E2-3BC2-4B30-AEF8-FC2F85CEC9C9}.Debug|x86.ActiveCfg = Debug|Any CPU
		{721832E2-3BC2-4B30-AEF8-FC2F85CEC9C9}.Debug|x86.Build.0 = Debug|Any CPU
		{721832E2-3BC2-4B30-AEF8-FC2F85CEC9C9}.MinSizeRel|Any CPU.ActiveCfg = Release|Any CPU
		{721832E2-3BC2-4B30-AEF8-FC2F85CEC9C9}.MinSizeRel|Any CPU.Build.0 = Release|Any CPU
		{721832E2-3BC2-4B30-AEF8-FC2F85CEC9C9}.MinSizeRel|x64.ActiveCfg = Release|Any CPU
		{721832E2-3BC2-4B30-AEF8-FC2F85CEC9C9}.MinSizeRel|x64.Build.0 = Release|Any CPU
		{721832E2-3BC2-4B30-AEF8-FC2F85CEC9C9}.MinSizeRel|x86.ActiveCfg = Release|Any CPU
		{721832E2-3BC2-4B30-AEF8-FC2F85CEC9C9}.MinSizeRel|x86.Build.0 = Release|Any CPU
		{721832E2-3BC2-4B30-AEF8-FC2F85CEC9C9}.Release|Any CPU.ActiveCfg = Release|Any CPU
		{721832E2-3BC2-4B30-AEF8-FC2F85CEC9C9}.Release|Any CPU.Build.0 = Release|Any CPU
		{721832E2-3BC2-4B30-AEF8-FC2F85CEC9C9}.Release|x64.ActiveCfg = Release|Any CPU
		{721832E2-3BC2-4B30-AEF8-FC2F85CEC9C9}.Release|x64.Build.0 = Release|Any CPU
		{721832E2-3BC2-4B30-AEF8-FC2F85CEC9C9}.Release|x86.ActiveCfg = Release|Any CPU
		{721832E2-3BC2-4B30-AEF8-FC2F85CEC9C9}.Release|x86.Build.0 = Release|Any CPU
		{721832E2-3BC2-4B30-AEF8-FC2F85CEC9C9}.RelWithDebInfo|Any CPU.ActiveCfg = Release|Any CPU
		{721832E2-3BC2-4B30-AEF8-FC2F85CEC9C9}.RelWithDebInfo|Any CPU.Build.0 = Release|Any CPU
		{721832E2-3BC2-4B30-AEF8-FC2F85CEC9C9}.RelWithDebInfo|x64.ActiveCfg = Release|Any CPU
		{721832E2-3BC2-4B30-AEF8-FC2F85CEC9C9}.RelWithDebInfo|x64.Build.0 = Release|Any CPU
		{721832E2-3BC2-4B30-AEF8-FC2F85CEC9C9}.RelWithDebInfo|x86.ActiveCfg = Release|Any CPU
		{721832E2-3BC2-4B30-AEF8-FC2F85CEC9C9}.RelWithDebInfo|x86.Build.0 = Release|Any CPU
		{EAFB9B05-FDFE-4C9E-9599-C2BC9315B158}.Debug|Any CPU.ActiveCfg = Debug|Any CPU
		{EAFB9B05-FDFE-4C9E-9599-C2BC9315B158}.Debug|Any CPU.Build.0 = Debug|Any CPU
		{EAFB9B05-FDFE-4C9E-9599-C2BC9315B158}.Debug|x64.ActiveCfg = Debug|Any CPU
		{EAFB9B05-FDFE-4C9E-9599-C2BC9315B158}.Debug|x64.Build.0 = Debug|Any CPU
		{EAFB9B05-FDFE-4C9E-9599-C2BC9315B158}.Debug|x86.ActiveCfg = Debug|Any CPU
		{EAFB9B05-FDFE-4C9E-9599-C2BC9315B158}.Debug|x86.Build.0 = Debug|Any CPU
		{EAFB9B05-FDFE-4C9E-9599-C2BC9315B158}.MinSizeRel|Any CPU.ActiveCfg = Release|Any CPU
		{EAFB9B05-FDFE-4C9E-9599-C2BC9315B158}.MinSizeRel|Any CPU.Build.0 = Release|Any CPU
		{EAFB9B05-FDFE-4C9E-9599-C2BC9315B158}.MinSizeRel|x64.ActiveCfg = Release|Any CPU
		{EAFB9B05-FDFE-4C9E-9599-C2BC9315B158}.MinSizeRel|x64.Build.0 = Release|Any CPU
		{EAFB9B05-FDFE-4C9E-9599-C2BC9315B158}.MinSizeRel|x86.ActiveCfg = Release|Any CPU
		{EAFB9B05-FDFE-4C9E-9599-C2BC9315B158}.MinSizeRel|x86.Build.0 = Release|Any CPU
		{EAFB9B05-FDFE-4C9E-9599-C2BC9315B158}.Release|Any CPU.ActiveCfg = Release|Any CPU
		{EAFB9B05-FDFE-4C9E-9599-C2BC9315B158}.Release|Any CPU.Build.0 = Release|Any CPU
		{EAFB9B05-FDFE-4C9E-9599-C2BC9315B158}.Release|x64.ActiveCfg = Release|Any CPU
		{EAFB9B05-FDFE-4C9E-9599-C2BC9315B158}.Release|x64.Build.0 = Release|Any CPU
		{EAFB9B05-FDFE-4C9E-9599-C2BC9315B158}.Release|x86.ActiveCfg = Release|Any CPU
		{EAFB9B05-FDFE-4C9E-9599-C2BC9315B158}.Release|x86.Build.0 = Release|Any CPU
		{EAFB9B05-FDFE-4C9E-9599-C2BC9315B158}.RelWithDebInfo|Any CPU.ActiveCfg = Release|Any CPU
		{EAFB9B05-FDFE-4C9E-9599-C2BC9315B158}.RelWithDebInfo|Any CPU.Build.0 = Release|Any CPU
		{EAFB9B05-FDFE-4C9E-9599-C2BC9315B158}.RelWithDebInfo|x64.ActiveCfg = Release|Any CPU
		{EAFB9B05-FDFE-4C9E-9599-C2BC9315B158}.RelWithDebInfo|x64.Build.0 = Release|Any CPU
		{EAFB9B05-FDFE-4C9E-9599-C2BC9315B158}.RelWithDebInfo|x86.ActiveCfg = Release|Any CPU
		{EAFB9B05-FDFE-4C9E-9599-C2BC9315B158}.RelWithDebInfo|x86.Build.0 = Release|Any CPU
		{E8CFD3C0-2576-44A1-A209-E06A2DAB9725}.Debug|Any CPU.ActiveCfg = Debug|Any CPU
		{E8CFD3C0-2576-44A1-A209-E06A2DAB9725}.Debug|Any CPU.Build.0 = Debug|Any CPU
		{E8CFD3C0-2576-44A1-A209-E06A2DAB9725}.Debug|x64.ActiveCfg = Debug|Any CPU
		{E8CFD3C0-2576-44A1-A209-E06A2DAB9725}.Debug|x64.Build.0 = Debug|Any CPU
		{E8CFD3C0-2576-44A1-A209-E06A2DAB9725}.Debug|x86.ActiveCfg = Debug|Any CPU
		{E8CFD3C0-2576-44A1-A209-E06A2DAB9725}.Debug|x86.Build.0 = Debug|Any CPU
		{E8CFD3C0-2576-44A1-A209-E06A2DAB9725}.MinSizeRel|Any CPU.ActiveCfg = Release|Any CPU
		{E8CFD3C0-2576-44A1-A209-E06A2DAB9725}.MinSizeRel|Any CPU.Build.0 = Release|Any CPU
		{E8CFD3C0-2576-44A1-A209-E06A2DAB9725}.MinSizeRel|x64.ActiveCfg = Release|Any CPU
		{E8CFD3C0-2576-44A1-A209-E06A2DAB9725}.MinSizeRel|x64.Build.0 = Release|Any CPU
		{E8CFD3C0-2576-44A1-A209-E06A2DAB9725}.MinSizeRel|x86.ActiveCfg = Release|Any CPU
		{E8CFD3C0-2576-44A1-A209-E06A2DAB9725}.MinSizeRel|x86.Build.0 = Release|Any CPU
		{E8CFD3C0-2576-44A1-A209-E06A2DAB9725}.Release|Any CPU.ActiveCfg = Release|Any CPU
		{E8CFD3C0-2576-44A1-A209-E06A2DAB9725}.Release|Any CPU.Build.0 = Release|Any CPU
		{E8CFD3C0-2576-44A1-A209-E06A2DAB9725}.Release|x64.ActiveCfg = Release|Any CPU
		{E8CFD3C0-2576-44A1-A209-E06A2DAB9725}.Release|x64.Build.0 = Release|Any CPU
		{E8CFD3C0-2576-44A1-A209-E06A2DAB9725}.Release|x86.ActiveCfg = Release|Any CPU
		{E8CFD3C0-2576-44A1-A209-E06A2DAB9725}.Release|x86.Build.0 = Release|Any CPU
		{E8CFD3C0-2576-44A1-A209-E06A2DAB9725}.RelWithDebInfo|Any CPU.ActiveCfg = Release|Any CPU
		{E8CFD3C0-2576-44A1-A209-E06A2DAB9725}.RelWithDebInfo|Any CPU.Build.0 = Release|Any CPU
		{E8CFD3C0-2576-44A1-A209-E06A2DAB9725}.RelWithDebInfo|x64.ActiveCfg = Release|Any CPU
		{E8CFD3C0-2576-44A1-A209-E06A2DAB9725}.RelWithDebInfo|x64.Build.0 = Release|Any CPU
		{E8CFD3C0-2576-44A1-A209-E06A2DAB9725}.RelWithDebInfo|x86.ActiveCfg = Release|Any CPU
		{E8CFD3C0-2576-44A1-A209-E06A2DAB9725}.RelWithDebInfo|x86.Build.0 = Release|Any CPU
		{330A5487-2607-4CE0-AED1-A9257E2C14D2}.Debug|Any CPU.ActiveCfg = Debug|Win32
		{330A5487-2607-4CE0-AED1-A9257E2C14D2}.Debug|Any CPU.Build.0 = Debug|Win32
		{330A5487-2607-4CE0-AED1-A9257E2C14D2}.Debug|x64.ActiveCfg = Debug|x64
		{330A5487-2607-4CE0-AED1-A9257E2C14D2}.Debug|x64.Build.0 = Debug|x64
		{330A5487-2607-4CE0-AED1-A9257E2C14D2}.Debug|x86.ActiveCfg = Debug|Win32
		{330A5487-2607-4CE0-AED1-A9257E2C14D2}.Debug|x86.Build.0 = Debug|Win32
		{330A5487-2607-4CE0-AED1-A9257E2C14D2}.MinSizeRel|Any CPU.ActiveCfg = Release|x64
		{330A5487-2607-4CE0-AED1-A9257E2C14D2}.MinSizeRel|Any CPU.Build.0 = Release|x64
		{330A5487-2607-4CE0-AED1-A9257E2C14D2}.MinSizeRel|x64.ActiveCfg = Release|x64
		{330A5487-2607-4CE0-AED1-A9257E2C14D2}.MinSizeRel|x64.Build.0 = Release|x64
		{330A5487-2607-4CE0-AED1-A9257E2C14D2}.MinSizeRel|x86.ActiveCfg = Release|Win32
		{330A5487-2607-4CE0-AED1-A9257E2C14D2}.MinSizeRel|x86.Build.0 = Release|Win32
		{330A5487-2607-4CE0-AED1-A9257E2C14D2}.Release|Any CPU.ActiveCfg = Release|Win32
		{330A5487-2607-4CE0-AED1-A9257E2C14D2}.Release|Any CPU.Build.0 = Release|Win32
		{330A5487-2607-4CE0-AED1-A9257E2C14D2}.Release|x64.ActiveCfg = Release|x64
		{330A5487-2607-4CE0-AED1-A9257E2C14D2}.Release|x64.Build.0 = Release|x64
		{330A5487-2607-4CE0-AED1-A9257E2C14D2}.Release|x86.ActiveCfg = Release|Win32
		{330A5487-2607-4CE0-AED1-A9257E2C14D2}.Release|x86.Build.0 = Release|Win32
		{330A5487-2607-4CE0-AED1-A9257E2C14D2}.RelWithDebInfo|Any CPU.ActiveCfg = Release|x64
		{330A5487-2607-4CE0-AED1-A9257E2C14D2}.RelWithDebInfo|Any CPU.Build.0 = Release|x64
		{330A5487-2607-4CE0-AED1-A9257E2C14D2}.RelWithDebInfo|x64.ActiveCfg = Release|x64
		{330A5487-2607-4CE0-AED1-A9257E2C14D2}.RelWithDebInfo|x64.Build.0 = Release|x64
		{330A5487-2607-4CE0-AED1-A9257E2C14D2}.RelWithDebInfo|x86.ActiveCfg = Release|Win32
		{330A5487-2607-4CE0-AED1-A9257E2C14D2}.RelWithDebInfo|x86.Build.0 = Release|Win32
	EndGlobalSection
	GlobalSection(SolutionProperties) = preSolution
		HideSolutionNode = FALSE
	EndGlobalSection
EndGlobal
